
Microsoft Visual Studio Solution File, Format Version 12.00
# Visual Studio Version 16
VisualStudioVersion = 16.0.32002.261
MinimumVisualStudioVersion = 10.0.40219.1
Project("{FAE04EC0-301F-11D3-BF4B-00C04F79EFBC}") = "Iteratio Loop Statements Exercise 1", "Iteratio Loop Statements Exercise 1\Iteratio Loop Statements Exercise 1.csproj", "{11ECAC0F-5A6E-445D-BFD0-21EBE60B8653}"
EndProject
Global
	GlobalSection(SolutionConfigurationPlatforms) = preSolution
		Debug|Any CPU = Debug|Any CPU
		Release|Any CPU = Release|Any CPU
	EndGlobalSection
	GlobalSection(ProjectConfigurationPlatforms) = postSolution
		{11ECAC0F-5A6E-445D-BFD0-21EBE60B8653}.Debug|Any CPU.ActiveCfg = Debug|Any CPU
		{11ECAC0F-5A6E-445D-BFD0-21EBE60B8653}.Debug|Any CPU.Build.0 = Debug|Any CPU
		{11ECAC0F-5A6E-445D-BFD0-21EBE60B8653}.Release|Any CPU.ActiveCfg = Release|Any CPU
		{11ECAC0F-5A6E-445D-BFD0-21EBE60B8653}.Release|Any CPU.Build.0 = Release|Any CPU
	EndGlobalSection
	GlobalSection(SolutionProperties) = preSolution
		HideSolutionNode = FALSE
	EndGlobalSection
	GlobalSection(ExtensibilityGlobals) = postSolution
		SolutionGuid = {903A039B-EFDE-423B-9AEE-9A7606BE52B9}
	EndGlobalSection
EndGlobal
